
Microsoft Visual Studio Solution File, Format Version 12.00
# Visual Studio 15
VisualStudioVersion = 15.0.28307.168
MinimumVisualStudioVersion = 10.0.40219.1
Project("{FAE04EC0-301F-11D3-BF4B-00C04F79EFBC}") = "ChartSongCrawler", "ChartSongCrawler\ChartSongCrawler.csproj", "{4201F515-92A1-4A49-A90A-7E90FE96D595}"
EndProject
Global
	GlobalSection(SolutionConfigurationPlatforms) = preSolution
		Debug|Any CPU = Debug|Any CPU
		Release|Any CPU = Release|Any CPU
	EndGlobalSection
	GlobalSection(ProjectConfigurationPlatforms) = postSolution
		{4201F515-92A1-4A49-A90A-7E90FE96D595}.Debug|Any CPU.ActiveCfg = Debug|Any CPU
		{4201F515-92A1-4A49-A90A-7E90FE96D595}.Debug|Any CPU.Build.0 = Debug|Any CPU
		{4201F515-92A1-4A49-A90A-7E90FE96D595}.Release|Any CPU.ActiveCfg = Release|Any CPU
		{4201F515-92A1-4A49-A90A-7E90FE96D595}.Release|Any CPU.Build.0 = Release|Any CPU
	EndGlobalSection
	GlobalSection(SolutionProperties) = preSolution
		HideSolutionNode = FALSE
	EndGlobalSection
	GlobalSection(ExtensibilityGlobals) = postSolution
		SolutionGuid = {254E264A-9D71-4625-AF11-C6C93D4C2D4A}
	EndGlobalSection
EndGlobal
